{
  "version": 4,
  "terraform_version": "1.9.8",
  "serial": 96,
  "lineage": "437a3917-09ac-a6c8-213b-488a51ac1d01",
  "outputs": {
    "adminpwd": {
      "value": "Cgr4IwdajLCfCjUrSkiC9WEgo1p0pm4g8RedShhfGv+ACRDgb7LF",
      "type": "string",
      "sensitive": true
    }
  },
  "resources": [
    {
      "mode": "data",
      "type": "azurerm_container_registry_scope_map",
      "name": "scope",
      "provider": "provider[\"registry.terraform.io/hashicorp/azurerm\"]",
      "instances": [
        {
          "schema_version": 0,
          "attributes": {
            "actions": [
              "repositories/*/content/read"
            ],
            "container_registry_name": "terraformregmanju",
            "description": "Can pull any repository of the registry",
            "id": "/subscriptions/13b6aef3-d469-4b0b-9d19-5d5bcab6fb45/resourceGroups/terraform_rg/providers/Microsoft.ContainerRegistry/registries/terraformregmanju/scopeMaps/_repositories_pull",
            "name": "_repositories_pull",
            "resource_group_name": "terraform_rg",
            "timeouts": null
          },
          "sensitive_attributes": []
        }
      ]
    },
    {
      "mode": "data",
      "type": "azurerm_resource_group",
      "name": "terraform_rg",
      "provider": "provider[\"registry.terraform.io/hashicorp/azurerm\"]",
      "instances": [
        {
          "schema_version": 0,
          "attributes": {
            "id": "/subscriptions/13b6aef3-d469-4b0b-9d19-5d5bcab6fb45/resourceGroups/terraform_rg",
            "location": "centralindia",
            "managed_by": "",
            "name": "terraform_rg",
            "tags": {},
            "timeouts": null
          },
          "sensitive_attributes": []
        }
      ]
    },
    {
      "mode": "managed",
      "type": "azurerm_container_registry",
      "name": "manjunath",
      "provider": "provider[\"registry.terraform.io/hashicorp/azurerm\"]",
      "instances": [
        {
          "schema_version": 2,
          "attributes": {
            "admin_enabled": true,
            "admin_password": "Cgr4IwdajLCfCjUrSkiC9WEgo1p0pm4g8RedShhfGv+ACRDgb7LF",
            "admin_username": "terraformregmanju",
            "anonymous_pull_enabled": false,
            "data_endpoint_enabled": false,
            "encryption": [],
            "export_policy_enabled": true,
            "georeplications": [],
            "id": "/subscriptions/13b6aef3-d469-4b0b-9d19-5d5bcab6fb45/resourceGroups/terraform_rg/providers/Microsoft.ContainerRegistry/registries/terraformregmanju",
            "identity": [],
            "location": "centralindia",
            "login_server": "terraformregmanju.azurecr.io",
            "name": "terraformregmanju",
            "network_rule_bypass_option": "AzureServices",
            "network_rule_set": [
              {
                "default_action": "Allow",
                "ip_rule": []
              }
            ],
            "public_network_access_enabled": true,
            "quarantine_policy_enabled": false,
            "resource_group_name": "terraform_rg",
            "retention_policy_in_days": 0,
            "sku": "Premium",
            "tags": {},
            "timeouts": null,
            "trust_policy_enabled": false,
            "zone_redundancy_enabled": false
          },
          "sensitive_attributes": [
            [
              {
                "type": "get_attr",
                "value": "admin_password"
              }
            ]
          ],
          "private": "eyJlMmJmYjczMC1lY2FhLTExZTYtOGY4OC0zNDM2M2JjN2M0YzAiOnsiY3JlYXRlIjoxODAwMDAwMDAwMDAwLCJkZWxldGUiOjE4MDAwMDAwMDAwMDAsInJlYWQiOjMwMDAwMDAwMDAwMCwidXBkYXRlIjoxODAwMDAwMDAwMDAwfSwic2NoZW1hX3ZlcnNpb24iOiIyIn0=",
          "dependencies": [
            "data.azurerm_resource_group.terraform_rg"
          ]
        }
      ]
    },
    {
      "mode": "managed",
      "type": "azurerm_container_registry_token",
      "name": "token",
      "provider": "provider[\"registry.terraform.io/hashicorp/azurerm\"]",
      "instances": [
        {
          "schema_version": 0,
          "attributes": {
            "container_registry_name": "terraformregmanju",
            "enabled": true,
            "id": "/subscriptions/13b6aef3-d469-4b0b-9d19-5d5bcab6fb45/resourceGroups/terraform_rg/providers/Microsoft.ContainerRegistry/registries/terraformregmanju/tokens/manjunath",
            "name": "manjunath",
            "resource_group_name": "terraform_rg",
            "scope_map_id": "/subscriptions/13b6aef3-d469-4b0b-9d19-5d5bcab6fb45/resourceGroups/terraform_rg/providers/Microsoft.ContainerRegistry/registries/terraformregmanju/scopeMaps/_repositories_pull",
            "timeouts": null
          },
          "sensitive_attributes": [],
          "private": "eyJlMmJmYjczMC1lY2FhLTExZTYtOGY4OC0zNDM2M2JjN2M0YzAiOnsiY3JlYXRlIjoxODAwMDAwMDAwMDAwLCJkZWxldGUiOjE4MDAwMDAwMDAwMDAsInJlYWQiOjMwMDAwMDAwMDAwMCwidXBkYXRlIjoxODAwMDAwMDAwMDAwfX0=",
          "dependencies": [
            "azurerm_container_registry.manjunath",
            "data.azurerm_container_registry_scope_map.scope",
            "data.azurerm_resource_group.terraform_rg"
          ]
        }
      ]
    },
    {
      "mode": "managed",
      "type": "azurerm_container_registry_token_password",
      "name": "pwd",
      "provider": "provider[\"registry.terraform.io/hashicorp/azurerm\"]",
      "instances": [
        {
          "schema_version": 0,
          "attributes": {
            "container_registry_token_id": "/subscriptions/13b6aef3-d469-4b0b-9d19-5d5bcab6fb45/resourceGroups/terraform_rg/providers/Microsoft.ContainerRegistry/registries/terraformregmanju/tokens/manjunath",
            "id": "/subscriptions/13b6aef3-d469-4b0b-9d19-5d5bcab6fb45/resourceGroups/terraform_rg/providers/Microsoft.ContainerRegistry/registries/terraformregmanju/tokens/manjunath/passwords/password",
            "password1": [
              {
                "expiry": "2024-11-24T09:57:36+00:00",
                "value": "ADjDUE5rbpia9DiCXX5FoGPlTbcyDQ9qjZ+sxm5uZw+ACRBZAZrr"
              }
            ],
            "password2": [],
            "timeouts": null
          },
          "sensitive_attributes": [
            [
              {
                "type": "get_attr",
                "value": "password1"
              },
              {
                "type": "index",
                "value": {
                  "value": 0,
                  "type": "number"
                }
              },
              {
                "type": "get_attr",
                "value": "value"
              }
            ]
          ],
          "private": "eyJlMmJmYjczMC1lY2FhLTExZTYtOGY4OC0zNDM2M2JjN2M0YzAiOnsiY3JlYXRlIjoxODAwMDAwMDAwMDAwLCJkZWxldGUiOjE4MDAwMDAwMDAwMDAsInJlYWQiOjMwMDAwMDAwMDAwMCwidXBkYXRlIjoxODAwMDAwMDAwMDAwfX0=",
          "dependencies": [
            "azurerm_container_registry.manjunath",
            "azurerm_container_registry_token.token",
            "data.azurerm_container_registry_scope_map.scope",
            "data.azurerm_resource_group.terraform_rg"
          ]
        }
      ]
    },
    {
      "mode": "managed",
      "type": "azurerm_linux_virtual_machine",
      "name": "lvm",
      "provider": "provider[\"registry.terraform.io/hashicorp/azurerm\"]",
      "instances": [
        {
          "schema_version": 0,
          "attributes": {
            "additional_capabilities": [],
            "admin_password": null,
            "admin_ssh_key": [
              {
                "public_key": "ssh-rsa AAAAB3NzaC1yc2EAAAADAQABAAABgQCWeMXu/B/LGXEul+6uHOMdKxzTlZatpmg0u06+6BI/Cv12E5hXlKrZFR1SXe7WmQoWDh8aw7Rk8NeNFT1fbaCWMqeifqHOf8luTn+GdA9oG1BdE1X9p04kVs0eTAhTKJy0kLp0qJVWbnl9ANaylai9f3RhO6Kyv1jBat+9swXDzErcGE4Wh78pFcVP8zVwrz/c/mmyHzim99knnQR7yoE5O/6/X1NZhLdSAtf+YSO1sJ4XZjPKyHCiLTY9xRLJaw2FTVCDlTneYRU8MTiQzxAkZQdj4eRZiq48jIa1Yl1fUu619FEw1P7DEhriE/vlhPv1mE0eo0+B1mmiNJYLyIkNQBXFOW8VMJrub5CLnAL81LC8LGijpbL8hR6/RXblKspBnXoqC4l7TqVJdJYMescr6fQen39ART6J8zG+O8JQYbBr3Lhyaw9gMx9WnJhx4ZYrXXU07X5gyvduQ1XwE4D44rxZGyDNSopFgQSC+01UFuDeooPWcrP3Wg1PvEtKlhM= azureuser@terraform-vm\n",
                "username": "azureuser"
              }
            ],
            "admin_username": "azureuser",
            "allow_extension_operations": true,
            "availability_set_id": "",
            "boot_diagnostics": [],
            "bypass_platform_safety_checks_on_user_schedule_enabled": false,
            "capacity_reservation_group_id": "",
            "computer_name": "vm",
            "custom_data": null,
            "dedicated_host_group_id": "",
            "dedicated_host_id": "",
            "disable_password_authentication": true,
            "disk_controller_type": "SCSI",
            "edge_zone": "",
            "encryption_at_host_enabled": false,
            "eviction_policy": "",
            "extensions_time_budget": "PT1H30M",
            "gallery_application": [],
            "id": "/subscriptions/13b6aef3-d469-4b0b-9d19-5d5bcab6fb45/resourceGroups/terraform_rg/providers/Microsoft.Compute/virtualMachines/vm",
            "identity": [],
            "license_type": "",
            "location": "centralindia",
            "max_bid_price": -1,
            "name": "vm",
            "network_interface_ids": [
              "/subscriptions/13b6aef3-d469-4b0b-9d19-5d5bcab6fb45/resourceGroups/terraform_rg/providers/Microsoft.Network/networkInterfaces/nic"
            ],
            "os_disk": [
              {
                "caching": "ReadWrite",
                "diff_disk_settings": [],
                "disk_encryption_set_id": "",
                "disk_size_gb": 30,
                "name": "vm_disk1_e3ad662103174ff7bb6a813136a3c504",
                "secure_vm_disk_encryption_set_id": "",
                "security_encryption_type": "",
                "storage_account_type": "Standard_LRS",
                "write_accelerator_enabled": false
              }
            ],
            "os_image_notification": [],
            "patch_assessment_mode": "ImageDefault",
            "patch_mode": "ImageDefault",
            "plan": [],
            "platform_fault_domain": -1,
            "priority": "Regular",
            "private_ip_address": "10.1.10.4",
            "private_ip_addresses": [
              "10.1.10.4"
            ],
            "provision_vm_agent": true,
            "proximity_placement_group_id": "",
            "public_ip_address": "13.71.37.97",
            "public_ip_addresses": [
              "13.71.37.97"
            ],
            "reboot_setting": "",
            "resource_group_name": "terraform_rg",
            "secret": [],
            "secure_boot_enabled": false,
            "size": "Standard_B1s",
            "source_image_id": "",
            "source_image_reference": [
              {
                "offer": "ubuntu-24_04-lts",
                "publisher": "Canonical",
                "sku": "server",
                "version": "latest"
              }
            ],
            "tags": {},
            "termination_notification": [],
            "timeouts": null,
            "user_data": "",
            "virtual_machine_id": "09b51cfc-4c27-4703-96a0-ded9874b646c",
            "virtual_machine_scale_set_id": "",
            "vm_agent_platform_updates_enabled": false,
            "vtpm_enabled": false,
            "zone": ""
          },
          "sensitive_attributes": [
            [
              {
                "type": "get_attr",
                "value": "admin_password"
              }
            ],
            [
              {
                "type": "get_attr",
                "value": "custom_data"
              }
            ]
          ],
          "private": "eyJlMmJmYjczMC1lY2FhLTExZTYtOGY4OC0zNDM2M2JjN2M0YzAiOnsiY3JlYXRlIjoyNzAwMDAwMDAwMDAwLCJkZWxldGUiOjI3MDAwMDAwMDAwMDAsInJlYWQiOjMwMDAwMDAwMDAwMCwidXBkYXRlIjoyNzAwMDAwMDAwMDAwfX0=",
          "dependencies": [
            "azurerm_network_interface.nic",
            "azurerm_public_ip.publicip",
            "azurerm_resource_group.rg",
            "azurerm_subnet.sbnet",
            "azurerm_virtual_network.vnet1"
          ]
        }
      ]
    },
    {
      "mode": "managed",
      "type": "azurerm_network_interface",
      "name": "nic",
      "provider": "provider[\"registry.terraform.io/hashicorp/azurerm\"]",
      "instances": [
        {
          "schema_version": 0,
          "attributes": {
            "accelerated_networking_enabled": false,
            "applied_dns_servers": [],
            "auxiliary_mode": "",
            "auxiliary_sku": "",
            "dns_servers": [],
            "edge_zone": "",
            "id": "/subscriptions/13b6aef3-d469-4b0b-9d19-5d5bcab6fb45/resourceGroups/terraform_rg/providers/Microsoft.Network/networkInterfaces/nic",
            "internal_dns_name_label": "",
            "internal_domain_name_suffix": "",
            "ip_configuration": [
              {
                "gateway_load_balancer_frontend_ip_configuration_id": "",
                "name": "ip",
                "primary": true,
                "private_ip_address": "10.1.10.4",
                "private_ip_address_allocation": "Dynamic",
                "private_ip_address_version": "IPv4",
                "public_ip_address_id": "/subscriptions/13b6aef3-d469-4b0b-9d19-5d5bcab6fb45/resourceGroups/terraform_rg/providers/Microsoft.Network/publicIPAddresses/pip",
                "subnet_id": "/subscriptions/13b6aef3-d469-4b0b-9d19-5d5bcab6fb45/resourceGroups/terraform_rg/providers/Microsoft.Network/virtualNetworks/terraform_vnet1/subnets/terraform_snet"
              }
            ],
            "ip_forwarding_enabled": false,
            "location": "centralindia",
            "mac_address": "00-0D-3A-3E-22-0A",
            "name": "nic",
            "private_ip_address": "10.1.10.4",
            "private_ip_addresses": [
              "10.1.10.4"
            ],
            "resource_group_name": "terraform_rg",
            "tags": {},
            "timeouts": null,
            "virtual_machine_id": "/subscriptions/13b6aef3-d469-4b0b-9d19-5d5bcab6fb45/resourceGroups/terraform_rg/providers/Microsoft.Compute/virtualMachines/vm"
          },
          "sensitive_attributes": [],
          "private": "eyJlMmJmYjczMC1lY2FhLTExZTYtOGY4OC0zNDM2M2JjN2M0YzAiOnsiY3JlYXRlIjoxODAwMDAwMDAwMDAwLCJkZWxldGUiOjE4MDAwMDAwMDAwMDAsInJlYWQiOjMwMDAwMDAwMDAwMCwidXBkYXRlIjoxODAwMDAwMDAwMDAwfX0=",
          "dependencies": [
            "azurerm_public_ip.publicip",
            "azurerm_resource_group.rg",
            "azurerm_subnet.sbnet",
            "azurerm_virtual_network.vnet1"
          ]
        }
      ]
    },
    {
      "mode": "managed",
      "type": "azurerm_network_interface",
      "name": "windowsnic",
      "provider": "provider[\"registry.terraform.io/hashicorp/azurerm\"]",
      "instances": [
        {
          "schema_version": 0,
          "attributes": {
            "accelerated_networking_enabled": false,
            "applied_dns_servers": [],
            "auxiliary_mode": "",
            "auxiliary_sku": "",
            "dns_servers": [],
            "edge_zone": "",
            "id": "/subscriptions/13b6aef3-d469-4b0b-9d19-5d5bcab6fb45/resourceGroups/terraform_rg/providers/Microsoft.Network/networkInterfaces/windows_nic",
            "internal_dns_name_label": "",
            "internal_domain_name_suffix": "boyosyrky2hujhrwya2qlejrcg.rx.internal.cloudapp.net",
            "ip_configuration": [
              {
                "gateway_load_balancer_frontend_ip_configuration_id": "",
                "name": "ip",
                "primary": true,
                "private_ip_address": "10.1.10.5",
                "private_ip_address_allocation": "Dynamic",
                "private_ip_address_version": "IPv4",
                "public_ip_address_id": "/subscriptions/13b6aef3-d469-4b0b-9d19-5d5bcab6fb45/resourceGroups/terraform_rg/providers/Microsoft.Network/publicIPAddresses/publicip-windows",
                "subnet_id": "/subscriptions/13b6aef3-d469-4b0b-9d19-5d5bcab6fb45/resourceGroups/terraform_rg/providers/Microsoft.Network/virtualNetworks/terraform_vnet1/subnets/terraform_snet"
              }
            ],
            "ip_forwarding_enabled": false,
            "location": "centralindia",
            "mac_address": "00-0D-3A-F0-BB-80",
            "name": "windows_nic",
            "private_ip_address": "10.1.10.5",
            "private_ip_addresses": [
              "10.1.10.5"
            ],
            "resource_group_name": "terraform_rg",
            "tags": {},
            "timeouts": null,
            "virtual_machine_id": "/subscriptions/13b6aef3-d469-4b0b-9d19-5d5bcab6fb45/resourceGroups/terraform_rg/providers/Microsoft.Compute/virtualMachines/windowsvm"
          },
          "sensitive_attributes": [],
          "private": "eyJlMmJmYjczMC1lY2FhLTExZTYtOGY4OC0zNDM2M2JjN2M0YzAiOnsiY3JlYXRlIjoxODAwMDAwMDAwMDAwLCJkZWxldGUiOjE4MDAwMDAwMDAwMDAsInJlYWQiOjMwMDAwMDAwMDAwMCwidXBkYXRlIjoxODAwMDAwMDAwMDAwfX0=",
          "dependencies": [
            "azurerm_public_ip.publicip_windows",
            "azurerm_resource_group.rg",
            "azurerm_subnet.sbnet",
            "azurerm_virtual_network.vnet1"
          ]
        }
      ]
    },
    {
      "mode": "managed",
      "type": "azurerm_network_interface_security_group_association",
      "name": "nsgasoc",
      "provider": "provider[\"registry.terraform.io/hashicorp/azurerm\"]",
      "instances": [
        {
          "schema_version": 0,
          "attributes": {
            "id": "/subscriptions/13b6aef3-d469-4b0b-9d19-5d5bcab6fb45/resourceGroups/terraform_rg/providers/Microsoft.Network/networkInterfaces/nic|/subscriptions/13b6aef3-d469-4b0b-9d19-5d5bcab6fb45/resourceGroups/terraform_rg/providers/Microsoft.Network/networkSecurityGroups/nsg",
            "network_interface_id": "/subscriptions/13b6aef3-d469-4b0b-9d19-5d5bcab6fb45/resourceGroups/terraform_rg/providers/Microsoft.Network/networkInterfaces/nic",
            "network_security_group_id": "/subscriptions/13b6aef3-d469-4b0b-9d19-5d5bcab6fb45/resourceGroups/terraform_rg/providers/Microsoft.Network/networkSecurityGroups/nsg",
            "timeouts": null
          },
          "sensitive_attributes": [],
          "private": "eyJlMmJmYjczMC1lY2FhLTExZTYtOGY4OC0zNDM2M2JjN2M0YzAiOnsiY3JlYXRlIjoxODAwMDAwMDAwMDAwLCJkZWxldGUiOjE4MDAwMDAwMDAwMDAsInJlYWQiOjMwMDAwMDAwMDAwMH19",
          "dependencies": [
            "azurerm_network_interface.nic",
            "azurerm_network_security_group.networksecuritygroup",
            "azurerm_public_ip.publicip",
            "azurerm_resource_group.rg",
            "azurerm_subnet.sbnet",
            "azurerm_virtual_network.vnet1"
          ]
        }
      ]
    },
    {
      "mode": "managed",
      "type": "azurerm_network_security_group",
      "name": "networksecuritygroup",
      "provider": "provider[\"registry.terraform.io/hashicorp/azurerm\"]",
      "instances": [
        {
          "schema_version": 0,
          "attributes": {
            "id": "/subscriptions/13b6aef3-d469-4b0b-9d19-5d5bcab6fb45/resourceGroups/terraform_rg/providers/Microsoft.Network/networkSecurityGroups/nsg",
            "location": "centralindia",
            "name": "nsg",
            "resource_group_name": "terraform_rg",
            "security_rule": [
              {
                "access": "Allow",
                "description": "",
                "destination_address_prefix": "*",
                "destination_address_prefixes": [],
                "destination_application_security_group_ids": [],
                "destination_port_range": "22",
                "destination_port_ranges": [],
                "direction": "Inbound",
                "name": "sshport",
                "priority": 100,
                "protocol": "Tcp",
                "source_address_prefix": "*",
                "source_address_prefixes": [],
                "source_application_security_group_ids": [],
                "source_port_range": "*",
                "source_port_ranges": []
              }
            ],
            "tags": {},
            "timeouts": null
          },
          "sensitive_attributes": [],
          "private": "eyJlMmJmYjczMC1lY2FhLTExZTYtOGY4OC0zNDM2M2JjN2M0YzAiOnsiY3JlYXRlIjoxODAwMDAwMDAwMDAwLCJkZWxldGUiOjE4MDAwMDAwMDAwMDAsInJlYWQiOjMwMDAwMDAwMDAwMCwidXBkYXRlIjoxODAwMDAwMDAwMDAwfX0=",
          "dependencies": [
            "azurerm_resource_group.rg"
          ]
        }
      ]
    },
    {
      "mode": "managed",
      "type": "azurerm_public_ip",
      "name": "publicip",
      "provider": "provider[\"registry.terraform.io/hashicorp/azurerm\"]",
      "instances": [
        {
          "schema_version": 0,
          "attributes": {
            "allocation_method": "Static",
            "ddos_protection_mode": "VirtualNetworkInherited",
            "ddos_protection_plan_id": null,
            "domain_name_label": null,
            "edge_zone": "",
            "fqdn": null,
            "id": "/subscriptions/13b6aef3-d469-4b0b-9d19-5d5bcab6fb45/resourceGroups/terraform_rg/providers/Microsoft.Network/publicIPAddresses/pip",
            "idle_timeout_in_minutes": 4,
            "ip_address": "13.71.37.97",
            "ip_tags": {},
            "ip_version": "IPv4",
            "location": "centralindia",
            "name": "pip",
            "public_ip_prefix_id": null,
            "resource_group_name": "terraform_rg",
            "reverse_fqdn": null,
            "sku": "Standard",
            "sku_tier": "Regional",
            "tags": {},
            "timeouts": null,
            "zones": []
          },
          "sensitive_attributes": [],
          "private": "eyJlMmJmYjczMC1lY2FhLTExZTYtOGY4OC0zNDM2M2JjN2M0YzAiOnsiY3JlYXRlIjoxODAwMDAwMDAwMDAwLCJkZWxldGUiOjE4MDAwMDAwMDAwMDAsInJlYWQiOjMwMDAwMDAwMDAwMCwidXBkYXRlIjoxODAwMDAwMDAwMDAwfX0=",
          "dependencies": [
            "azurerm_resource_group.rg"
          ]
        }
      ]
    },
    {
      "mode": "managed",
      "type": "azurerm_public_ip",
      "name": "publicip_windows",
      "provider": "provider[\"registry.terraform.io/hashicorp/azurerm\"]",
      "instances": [
        {
          "schema_version": 0,
          "attributes": {
            "allocation_method": "Static",
            "ddos_protection_mode": "VirtualNetworkInherited",
            "ddos_protection_plan_id": null,
            "domain_name_label": null,
            "edge_zone": "",
            "fqdn": null,
            "id": "/subscriptions/13b6aef3-d469-4b0b-9d19-5d5bcab6fb45/resourceGroups/terraform_rg/providers/Microsoft.Network/publicIPAddresses/publicip-windows",
            "idle_timeout_in_minutes": 4,
            "ip_address": "13.71.35.228",
            "ip_tags": {},
            "ip_version": "IPv4",
            "location": "centralindia",
            "name": "publicip-windows",
            "public_ip_prefix_id": null,
            "resource_group_name": "terraform_rg",
            "reverse_fqdn": null,
            "sku": "Standard",
            "sku_tier": "Regional",
            "tags": {},
            "timeouts": null,
            "zones": []
          },
          "sensitive_attributes": [],
          "private": "eyJlMmJmYjczMC1lY2FhLTExZTYtOGY4OC0zNDM2M2JjN2M0YzAiOnsiY3JlYXRlIjoxODAwMDAwMDAwMDAwLCJkZWxldGUiOjE4MDAwMDAwMDAwMDAsInJlYWQiOjMwMDAwMDAwMDAwMCwidXBkYXRlIjoxODAwMDAwMDAwMDAwfX0=",
          "dependencies": [
            "azurerm_resource_group.rg"
          ]
        }
      ]
    },
    {
      "mode": "managed",
      "type": "azurerm_resource_group",
      "name": "rg",
      "provider": "provider[\"registry.terraform.io/hashicorp/azurerm\"]",
      "instances": [
        {
          "schema_version": 0,
          "attributes": {
            "id": "/subscriptions/13b6aef3-d469-4b0b-9d19-5d5bcab6fb45/resourceGroups/terraform_rg",
            "location": "centralindia",
            "managed_by": "",
            "name": "terraform_rg",
            "tags": {},
            "timeouts": null
          },
          "sensitive_attributes": [],
          "private": "eyJlMmJmYjczMC1lY2FhLTExZTYtOGY4OC0zNDM2M2JjN2M0YzAiOnsiY3JlYXRlIjo1NDAwMDAwMDAwMDAwLCJkZWxldGUiOjU0MDAwMDAwMDAwMDAsInJlYWQiOjMwMDAwMDAwMDAwMCwidXBkYXRlIjo1NDAwMDAwMDAwMDAwfX0="
        }
      ]
    },
    {
      "mode": "managed",
      "type": "azurerm_ssh_public_key",
      "name": "ssh1",
      "provider": "provider[\"registry.terraform.io/hashicorp/azurerm\"]",
      "instances": [
        {
          "schema_version": 0,
          "attributes": {
            "id": "/subscriptions/13b6aef3-d469-4b0b-9d19-5d5bcab6fb45/resourceGroups/terraform_rg/providers/Microsoft.Compute/sshPublicKeys/ssh_key",
            "location": "centralindia",
            "name": "ssh_key",
            "public_key": "ssh-rsa AAAAB3NzaC1yc2EAAAADAQABAAABgQCWeMXu/B/LGXEul+6uHOMdKxzTlZatpmg0u06+6BI/Cv12E5hXlKrZFR1SXe7WmQoWDh8aw7Rk8NeNFT1fbaCWMqeifqHOf8luTn+GdA9oG1BdE1X9p04kVs0eTAhTKJy0kLp0qJVWbnl9ANaylai9f3RhO6Kyv1jBat+9swXDzErcGE4Wh78pFcVP8zVwrz/c/mmyHzim99knnQR7yoE5O/6/X1NZhLdSAtf+YSO1sJ4XZjPKyHCiLTY9xRLJaw2FTVCDlTneYRU8MTiQzxAkZQdj4eRZiq48jIa1Yl1fUu619FEw1P7DEhriE/vlhPv1mE0eo0+B1mmiNJYLyIkNQBXFOW8VMJrub5CLnAL81LC8LGijpbL8hR6/RXblKspBnXoqC4l7TqVJdJYMescr6fQen39ART6J8zG+O8JQYbBr3Lhyaw9gMx9WnJhx4ZYrXXU07X5gyvduQ1XwE4D44rxZGyDNSopFgQSC+01UFuDeooPWcrP3Wg1PvEtKlhM= azureuser@terraform-vm\n",
            "resource_group_name": "terraform_rg",
            "tags": {},
            "timeouts": null
          },
          "sensitive_attributes": [],
          "private": "eyJlMmJmYjczMC1lY2FhLTExZTYtOGY4OC0zNDM2M2JjN2M0YzAiOnsiY3JlYXRlIjoyNzAwMDAwMDAwMDAwLCJkZWxldGUiOjI3MDAwMDAwMDAwMDAsInJlYWQiOjMwMDAwMDAwMDAwMCwidXBkYXRlIjoyNzAwMDAwMDAwMDAwfX0=",
          "dependencies": [
            "azurerm_resource_group.rg"
          ]
        }
      ]
    },
    {
      "mode": "managed",
      "type": "azurerm_subnet",
      "name": "sbnet",
      "provider": "provider[\"registry.terraform.io/hashicorp/azurerm\"]",
      "instances": [
        {
          "schema_version": 0,
          "attributes": {
            "address_prefixes": [
              "10.1.0.0/24",
              "10.1.10.0/24"
            ],
            "default_outbound_access_enabled": true,
            "delegation": [],
            "id": "/subscriptions/13b6aef3-d469-4b0b-9d19-5d5bcab6fb45/resourceGroups/terraform_rg/providers/Microsoft.Network/virtualNetworks/terraform_vnet1/subnets/terraform_snet",
            "name": "terraform_snet",
            "private_endpoint_network_policies": "Disabled",
            "private_link_service_network_policies_enabled": true,
            "resource_group_name": "terraform_rg",
            "service_endpoint_policy_ids": [],
            "service_endpoints": [],
            "timeouts": null,
            "virtual_network_name": "terraform_vnet1"
          },
          "sensitive_attributes": [],
          "private": "eyJlMmJmYjczMC1lY2FhLTExZTYtOGY4OC0zNDM2M2JjN2M0YzAiOnsiY3JlYXRlIjoxODAwMDAwMDAwMDAwLCJkZWxldGUiOjE4MDAwMDAwMDAwMDAsInJlYWQiOjMwMDAwMDAwMDAwMCwidXBkYXRlIjoxODAwMDAwMDAwMDAwfX0=",
          "dependencies": [
            "azurerm_resource_group.rg",
            "azurerm_virtual_network.vnet1"
          ]
        }
      ]
    },
    {
      "mode": "managed",
      "type": "azurerm_virtual_machine",
      "name": "main",
      "provider": "provider[\"registry.terraform.io/hashicorp/azurerm\"]",
      "instances": [
        {
          "schema_version": 0,
          "attributes": {
            "additional_capabilities": [],
            "availability_set_id": null,
            "boot_diagnostics": [],
            "delete_data_disks_on_termination": false,
            "delete_os_disk_on_termination": false,
            "id": "/subscriptions/13b6aef3-d469-4b0b-9d19-5d5bcab6fb45/resourceGroups/terraform_rg/providers/Microsoft.Compute/virtualMachines/windowsvm",
            "identity": [],
            "license_type": null,
            "location": "centralindia",
            "name": "windowsvm",
            "network_interface_ids": [
              "/subscriptions/13b6aef3-d469-4b0b-9d19-5d5bcab6fb45/resourceGroups/terraform_rg/providers/Microsoft.Network/networkInterfaces/windows_nic"
            ],
            "os_profile": [
              {
                "admin_password": "",
                "admin_username": "testadmin",
                "computer_name": "mywinvm",
                "custom_data": ""
              }
            ],
            "os_profile_linux_config": [],
            "os_profile_secrets": [],
            "os_profile_windows_config": [
              {
                "additional_unattend_config": [],
                "enable_automatic_upgrades": false,
                "provision_vm_agent": false,
                "timezone": "",
                "winrm": []
              }
            ],
            "plan": [],
            "primary_network_interface_id": null,
            "proximity_placement_group_id": null,
            "resource_group_name": "terraform_rg",
            "storage_data_disk": [],
            "storage_image_reference": [
              {
                "id": "",
                "offer": "WindowsServer",
                "publisher": "MicrosoftWindowsServer",
                "sku": "2019-Datacenter",
                "version": "latest"
              }
            ],
            "storage_os_disk": [
              {
                "caching": "ReadWrite",
                "create_option": "FromImage",
                "disk_size_gb": 127,
                "image_uri": "",
                "managed_disk_id": "/subscriptions/13b6aef3-d469-4b0b-9d19-5d5bcab6fb45/resourceGroups/terraform_rg/providers/Microsoft.Compute/disks/myosdisk22",
                "managed_disk_type": "Standard_LRS",
                "name": "myosdisk22",
                "os_type": "Windows",
                "vhd_uri": "",
                "write_accelerator_enabled": false
              }
            ],
            "tags": {
              "environment": "staging"
            },
            "timeouts": null,
            "vm_size": "Standard_DS1_v2",
            "zones": []
          },
          "sensitive_attributes": [
            [
              {
                "type": "get_attr",
                "value": "os_profile"
              }
            ]
          ],
          "private": "eyJlMmJmYjczMC1lY2FhLTExZTYtOGY4OC0zNDM2M2JjN2M0YzAiOnsiY3JlYXRlIjozNjAwMDAwMDAwMDAwLCJkZWxldGUiOjM2MDAwMDAwMDAwMDAsInJlYWQiOjMwMDAwMDAwMDAwMCwidXBkYXRlIjozNjAwMDAwMDAwMDAwfX0=",
          "dependencies": [
            "azurerm_network_interface.windowsnic",
            "azurerm_public_ip.publicip_windows",
            "azurerm_resource_group.rg",
            "azurerm_subnet.sbnet",
            "azurerm_virtual_network.vnet1"
          ]
        }
      ]
    },
    {
      "mode": "managed",
      "type": "azurerm_virtual_network",
      "name": "vnet1",
      "provider": "provider[\"registry.terraform.io/hashicorp/azurerm\"]",
      "instances": [
        {
          "schema_version": 0,
          "attributes": {
            "address_space": [
              "10.1.0.0/16"
            ],
            "bgp_community": "",
            "ddos_protection_plan": [],
            "dns_servers": [],
            "edge_zone": "",
            "encryption": [],
            "flow_timeout_in_minutes": 0,
            "guid": "62e9b00b-c72a-440f-9e36-c03905913116",
            "id": "/subscriptions/13b6aef3-d469-4b0b-9d19-5d5bcab6fb45/resourceGroups/terraform_rg/providers/Microsoft.Network/virtualNetworks/terraform_vnet1",
            "location": "centralindia",
            "name": "terraform_vnet1",
            "resource_group_name": "terraform_rg",
            "subnet": [
              {
                "address_prefixes": [
                  "10.1.0.0/24",
                  "10.1.10.0/24"
                ],
                "default_outbound_access_enabled": true,
                "delegation": [],
                "id": "/subscriptions/13b6aef3-d469-4b0b-9d19-5d5bcab6fb45/resourceGroups/terraform_rg/providers/Microsoft.Network/virtualNetworks/terraform_vnet1/subnets/terraform_snet",
                "name": "terraform_snet",
                "private_endpoint_network_policies": "Disabled",
                "private_link_service_network_policies_enabled": true,
                "route_table_id": "",
                "security_group": "",
                "service_endpoint_policy_ids": [],
                "service_endpoints": []
              }
            ],
            "tags": {},
            "timeouts": null
          },
          "sensitive_attributes": [],
          "private": "eyJlMmJmYjczMC1lY2FhLTExZTYtOGY4OC0zNDM2M2JjN2M0YzAiOnsiY3JlYXRlIjoxODAwMDAwMDAwMDAwLCJkZWxldGUiOjE4MDAwMDAwMDAwMDAsInJlYWQiOjMwMDAwMDAwMDAwMCwidXBkYXRlIjoxODAwMDAwMDAwMDAwfX0=",
          "dependencies": [
            "azurerm_resource_group.rg"
          ]
        }
      ]
    }
  ],
  "check_results": null
}
